
Microsoft Visual Studio Solution File, Format Version 12.00
# Visual Studio Version 17
VisualStudioVersion = 17.5.33530.505
MinimumVisualStudioVersion = 10.0.40219.1
Project("{FAE04EC0-301F-11D3-BF4B-00C04F79EFBC}") = "Smart Parking", "Smart Parking\Smart Parking.csproj", "{A11D8E32-58D0-4999-A526-EFFF23C55401}"
EndProject
Global
	GlobalSection(SolutionConfigurationPlatforms) = preSolution
		Debug|Any CPU = Debug|Any CPU
		Release|Any CPU = Release|Any CPU
	EndGlobalSection
	GlobalSection(ProjectConfigurationPlatforms) = postSolution
		{A11D8E32-58D0-4999-A526-EFFF23C55401}.Debug|Any CPU.ActiveCfg = Debug|Any CPU
		{A11D8E32-58D0-4999-A526-EFFF23C55401}.Debug|Any CPU.Build.0 = Debug|Any CPU
		{A11D8E32-58D0-4999-A526-EFFF23C55401}.Release|Any CPU.ActiveCfg = Release|Any CPU
		{A11D8E32-58D0-4999-A526-EFFF23C55401}.Release|Any CPU.Build.0 = Release|Any CPU
	EndGlobalSection
	GlobalSection(SolutionProperties) = preSolution
		HideSolutionNode = FALSE
	EndGlobalSection
	GlobalSection(ExtensibilityGlobals) = postSolution
		SolutionGuid = {233F5583-B655-4881-9342-FA3EEA86B2D3}
	EndGlobalSection
EndGlobal
